
Microsoft Visual Studio Solution File, Format Version 12.00
# Visual Studio 15
VisualStudioVersion = 15.0.28307.136
MinimumVisualStudioVersion = 10.0.40219.1
Project("{FAE04EC0-301F-11D3-BF4B-00C04F79EFBC}") = "GreenVsRed", "GreenVsRed\GreenVsRed.csproj", "{E43D7606-94BC-46EC-9F62-88DA8F8A7BCA}"
EndProject
Global
	GlobalSection(SolutionConfigurationPlatforms) = preSolution
		Debug|Any CPU = Debug|Any CPU
		Release|Any CPU = Release|Any CPU
	EndGlobalSection
	GlobalSection(ProjectConfigurationPlatforms) = postSolution
		{E43D7606-94BC-46EC-9F62-88DA8F8A7BCA}.Debug|Any CPU.ActiveCfg = Debug|Any CPU
		{E43D7606-94BC-46EC-9F62-88DA8F8A7BCA}.Debug|Any CPU.Build.0 = Debug|Any CPU
		{E43D7606-94BC-46EC-9F62-88DA8F8A7BCA}.Release|Any CPU.ActiveCfg = Release|Any CPU
		{E43D7606-94BC-46EC-9F62-88DA8F8A7BCA}.Release|Any CPU.Build.0 = Release|Any CPU
	EndGlobalSection
	GlobalSection(SolutionProperties) = preSolution
		HideSolutionNode = FALSE
	EndGlobalSection
	GlobalSection(ExtensibilityGlobals) = postSolution
		SolutionGuid = {74D1CE26-430A-4111-9AA1-96641A773A36}
	EndGlobalSection
EndGlobal
